
Microsoft Visual Studio Solution File, Format Version 12.00
# Visual Studio Version 16
VisualStudioVersion = 16.0.31005.135
MinimumVisualStudioVersion = 10.0.40219.1
Project("{FAE04EC0-301F-11D3-BF4B-00C04F79EFBC}") = "CMAPIntegrator", "CMAPIntegrator.csproj", "{83A3A48A-7188-4CBE-9166-712BC327F2AB}"
EndProject
Global
	GlobalSection(SolutionConfigurationPlatforms) = preSolution
		Debug|Any CPU = Debug|Any CPU
		Release|Any CPU = Release|Any CPU
	EndGlobalSection
	GlobalSection(ProjectConfigurationPlatforms) = postSolution
		{83A3A48A-7188-4CBE-9166-712BC327F2AB}.Debug|Any CPU.ActiveCfg = Debug|Any CPU
		{83A3A48A-7188-4CBE-9166-712BC327F2AB}.Debug|Any CPU.Build.0 = Debug|Any CPU
		{83A3A48A-7188-4CBE-9166-712BC327F2AB}.Release|Any CPU.ActiveCfg = Release|Any CPU
		{83A3A48A-7188-4CBE-9166-712BC327F2AB}.Release|Any CPU.Build.0 = Release|Any CPU
	EndGlobalSection
	GlobalSection(SolutionProperties) = preSolution
		HideSolutionNode = FALSE
	EndGlobalSection
	GlobalSection(ExtensibilityGlobals) = postSolution
		SolutionGuid = {DCE285E6-47AA-4ED4-A165-BF54956A4C2E}
	EndGlobalSection
EndGlobal
